PODS:
  - Capacitor (5.0.1):
    - CapacitorCordova
  - CapacitorApp (5.0.1):
    - Capacitor
  - CapacitorBrowser (5.0.1):
    - Capacitor
  - CapacitorCordova (5.0.1)
  - CapacitorKeyboard (5.0.1):
    - Capacitor
  - CapacitorSplashScreen (5.0.1):
    - Capacitor
  - CapacitorStatusBar (5.0.1):
    - Capacitor

DEPENDENCIES:
  - "Capacitor (from `../../node_modules/@capacitor/ios`)"
  - "CapacitorApp (from `../../node_modules/@capacitor/app`)"
  - "CapacitorBrowser (from `../../node_modules/@capacitor/browser`)"
  - "CapacitorCordova (from `../../node_modules/@capacitor/ios`)"
  - "CapacitorKeyboard (from `../../node_modules/@capacitor/keyboard`)"
  - "CapacitorSplashScreen (from `../../node_modules/@capacitor/splash-screen`)"
  - "CapacitorStatusBar (from `../../node_modules/@capacitor/status-bar`)"

EXTERNAL SOURCES:
  Capacitor:
    :path: "../../node_modules/@capacitor/ios"
  CapacitorApp:
    :path: "../../node_modules/@capacitor/app"
  CapacitorBrowser:
    :path: "../../node_modules/@capacitor/browser"
  CapacitorCordova:
    :path: "../../node_modules/@capacitor/ios"
  CapacitorKeyboard:
    :path: "../../node_modules/@capacitor/keyboard"
  CapacitorSplashScreen:
    :path: "../../node_modules/@capacitor/splash-screen"
  CapacitorStatusBar:
    :path: "../../node_modules/@capacitor/status-bar"

SPEC CHECKSUMS:
  Capacitor: c550a8485d00d5d92b4f91a245f43555a2230eb6
  CapacitorApp: 23d62678d1092403c9c32d8b53c0cdd0da29fb2c
  CapacitorBrowser: a25eb23556d40e194ef0f9dba7fd00728eed715c
  CapacitorCordova: 4f8cf089c691f0e21032d22b1014808308cbc467
  CapacitorKeyboard: 5e1667b7b70e23b147f9fc91bafa458be41cba77
  CapacitorSplashScreen: b3aa7304627a561e98d894d6fb301eced671e599
  CapacitorStatusBar: 4edd082a8dadcedb5b1fa2b8480d67a220c79849

PODFILE CHECKSUM: 6d05038262a674b3a7b74351c68cd9a61ea3521b

COCOAPODS: 1.12.1
